// !$*UTF8*$!
{
	archiveVersion = 1;
	classes = {
	};
	objectVersion = 55;
	objects = {

/* Begin PBXBuildFile section */
		C90620BE281BD7FF003BC427 /* Expression.swift in Sources */ = {isa = PBXBuildFile; fileRef = C90620BD281BD7FF003BC427 /* Expression.swift */; };
		C9DE51F828046FEA0042FB64 /* ArgumentParser in Frameworks */ = {isa = PBXBuildFile; productRef = C9DE51F728046FEA0042FB64 /* ArgumentParser */; };
		C9EBEE55281E5AF100CD3F3F /* ParserTests.swift in Sources */ = {isa = PBXBuildFile; fileRef = C9EBEE54281E5AF100CD3F3F /* ParserTests.swift */; };
		C9EBEE59281E5FC100CD3F3F /* Expression+Description.swift in Sources */ = {isa = PBXBuildFile; fileRef = C9EBEE58281E5FC100CD3F3F /* Expression+Description.swift */; };
		C9EBEE5B281F793500CD3F3F /* Parser.swift in Sources */ = {isa = PBXBuildFile; fileRef = C9EBEE5A281F793500CD3F3F /* Parser.swift */; };
		C9EBEE5D281F849B00CD3F3F /* AnyLiteral.swift in Sources */ = {isa = PBXBuildFile; fileRef = C9EBEE5C281F849B00CD3F3F /* AnyLiteral.swift */; };
		C9EFD96C280D4F740032F484 /* slox.swift in Sources */ = {isa = PBXBuildFile; fileRef = C9EFD96B280D4F740032F484 /* slox.swift */; };
		C9EFD9A2280D53B50032F484 /* LoxCore.framework in Frameworks */ = {isa = PBXBuildFile; fileRef = C9EFD99A280D53B50032F484 /* LoxCore.framework */; };
		C9EFD9A8280D53B50032F484 /* LoxCore.h in Headers */ = {isa = PBXBuildFile; fileRef = C9EFD99C280D53B50032F484 /* LoxCore.h */; settings = {ATTRIBUTES = (Public, ); }; };
		C9EFD9B4280D53C80032F484 /* Token.swift in Sources */ = {isa = PBXBuildFile; fileRef = C9EFD9AF280D53C80032F484 /* Token.swift */; };
		C9EFD9B5280D53C80032F484 /* TokenType.swift in Sources */ = {isa = PBXBuildFile; fileRef = C9EFD9B0280D53C80032F484 /* TokenType.swift */; };
		C9EFD9B6280D53C80032F484 /* Scanner.swift in Sources */ = {isa = PBXBuildFile; fileRef = C9EFD9B1280D53C80032F484 /* Scanner.swift */; };
		C9EFD9B7280D53EC0032F484 /* LoxCore.framework in Frameworks */ = {isa = PBXBuildFile; fileRef = C9EFD99A280D53B50032F484 /* LoxCore.framework */; };
		C9EFD9B8280D53EC0032F484 /* LoxCore.framework in Embed Frameworks */ = {isa = PBXBuildFile; fileRef = C9EFD99A280D53B50032F484 /* LoxCore.framework */; settings = {ATTRIBUTES = (CodeSignOnCopy, RemoveHeadersOnCopy, ); }; };
		C9EFD9BD280D5C280032F484 /* ScannerTests.swift in Sources */ = {isa = PBXBuildFile; fileRef = C9EFD9BC280D5C280032F484 /* ScannerTests.swift */; };
		C9EFD9C1280D657C0032F484 /* Error.swift in Sources */ = {isa = PBXBuildFile; fileRef = C9EFD9C0280D657C0032F484 /* Error.swift */; };
		C9EFD9C4280FEF1E0032F484 /* Character+.swift in Sources */ = {isa = PBXBuildFile; fileRef = C9EFD9C3280FEF1E0032F484 /* Character+.swift */; };
/* End PBXBuildFile section */

/* Begin PBXContainerItemProxy section */
		C9EFD9A3280D53B50032F484 /* PBXContainerItemProxy */ = {
			isa = PBXContainerItemProxy;
			containerPortal = C93208BA280429C7009B849C /* Project object */;
			proxyType = 1;
			remoteGlobalIDString = C9EFD999280D53B50032F484;
			remoteInfo = LoxCore;
		};
		C9EFD9B9280D53EC0032F484 /* PBXContainerItemProxy */ = {
			isa = PBXContainerItemProxy;
			containerPortal = C93208BA280429C7009B849C /* Project object */;
			proxyType = 1;
			remoteGlobalIDString = C9EFD999280D53B50032F484;
			remoteInfo = LoxCore;
		};
/* End PBXContainerItemProxy section */

/* Begin PBXCopyFilesBuildPhase section */
		C93208C0280429C7009B849C /* CopyFiles */ = {
			isa = PBXCopyFilesBuildPhase;
			buildActionMask = 2147483647;
			dstPath = /usr/share/man/man1/;
			dstSubfolderSpec = 0;
			files = (
			);
			runOnlyForDeploymentPostprocessing = 1;
		};
		C9EFD9BB280D53EC0032F484 /* Embed Frameworks */ = {
			isa = PBXCopyFilesBuildPhase;
			buildActionMask = 2147483647;
			dstPath = "";
			dstSubfolderSpec = 10;
			files = (
				C9EFD9B8280D53EC0032F484 /* LoxCore.framework in Embed Frameworks */,
			);
			name = "Embed Frameworks";
			runOnlyForDeploymentPostprocessing = 0;
		};
/* End PBXCopyFilesBuildPhase section */

/* Begin PBXFileReference section */
		C90620BD281BD7FF003BC427 /* Expression.swift */ = {isa = PBXFileReference; lastKnownFileType = sourcecode.swift; path = Expression.swift; sourceTree = "<group>"; };
		C93208C2280429C7009B849C /* slox */ = {isa = PBXFileReference; explicitFileType = "compiled.mach-o.executable"; includeInIndex = 0; path = slox; sourceTree = BUILT_PRODUCTS_DIR; };
		C9EBEE4F280DA96F00CD3F3F /* Lox Source Files */ = {isa = PBXFileReference; lastKnownFileType = folder; name = "Lox Source Files"; path = "../../../../../Documents/Lox Source Files"; sourceTree = "<group>"; };
		C9EBEE54281E5AF100CD3F3F /* ParserTests.swift */ = {isa = PBXFileReference; lastKnownFileType = sourcecode.swift; path = ParserTests.swift; sourceTree = "<group>"; };
		C9EBEE58281E5FC100CD3F3F /* Expression+Description.swift */ = {isa = PBXFileReference; lastKnownFileType = sourcecode.swift; path = "Expression+Description.swift"; sourceTree = "<group>"; };
		C9EBEE5A281F793500CD3F3F /* Parser.swift */ = {isa = PBXFileReference; lastKnownFileType = sourcecode.swift; path = Parser.swift; sourceTree = "<group>"; };
		C9EBEE5C281F849B00CD3F3F /* AnyLiteral.swift */ = {isa = PBXFileReference; lastKnownFileType = sourcecode.swift; path = AnyLiteral.swift; sourceTree = "<group>"; };
		C9EFD96B280D4F740032F484 /* slox.swift */ = {isa = PBXFileReference; lastKnownFileType = sourcecode.swift; path = slox.swift; sourceTree = "<group>"; };
		C9EFD99A280D53B50032F484 /* LoxCore.framework */ = {isa = PBXFileReference; explicitFileType = wrapper.framework; includeInIndex = 0; path = LoxCore.framework; sourceTree = BUILT_PRODUCTS_DIR; };
		C9EFD99C280D53B50032F484 /* LoxCore.h */ = {isa = PBXFileReference; lastKnownFileType = sourcecode.c.h; path = LoxCore.h; sourceTree = "<group>"; };
		C9EFD9A1280D53B50032F484 /* LoxCoreTests.xctest */ = {isa = PBXFileReference; explicitFileType = wrapper.cfbundle; includeInIndex = 0; path = LoxCoreTests.xctest; sourceTree = BUILT_PRODUCTS_DIR; };
		C9EFD9AF280D53C80032F484 /* Token.swift */ = {isa = PBXFileReference; lastKnownFileType = sourcecode.swift; path = Token.swift; sourceTree = "<group>"; };
		C9EFD9B0280D53C80032F484 /* TokenType.swift */ = {isa = PBXFileReference; lastKnownFileType = sourcecode.swift; path = TokenType.swift; sourceTree = "<group>"; };
		C9EFD9B1280D53C80032F484 /* Scanner.swift */ = {isa = PBXFileReference; lastKnownFileType = sourcecode.swift; path = Scanner.swift; sourceTree = "<group>"; };
		C9EFD9BC280D5C280032F484 /* ScannerTests.swift */ = {isa = PBXFileReference; lastKnownFileType = sourcecode.swift; path = ScannerTests.swift; sourceTree = "<group>"; };
		C9EFD9C0280D657C0032F484 /* Error.swift */ = {isa = PBXFileReference; lastKnownFileType = sourcecode.swift; path = Error.swift; sourceTree = "<group>"; };
		C9EFD9C3280FEF1E0032F484 /* Character+.swift */ = {isa = PBXFileReference; lastKnownFileType = sourcecode.swift; path = "Character+.swift"; sourceTree = "<group>"; };
/* End PBXFileReference section */

/* Begin PBXFrameworksBuildPhase section */
		C93208BF280429C7009B849C /* Frameworks */ = {
			isa = PBXFrameworksBuildPhase;
			buildActionMask = 2147483647;
			files = (
				C9DE51F828046FEA0042FB64 /* ArgumentParser in Frameworks */,
				C9EFD9B7280D53EC0032F484 /* LoxCore.framework in Frameworks */,
			);
			runOnlyForDeploymentPostprocessing = 0;
		};
		C9EFD997280D53B50032F484 /* Frameworks */ = {
			isa = PBXFrameworksBuildPhase;
			buildActionMask = 2147483647;
			files = (
			);
			runOnlyForDeploymentPostprocessing = 0;
		};
		C9EFD99E280D53B50032F484 /* Frameworks */ = {
			isa = PBXFrameworksBuildPhase;
			buildActionMask = 2147483647;
			files = (
				C9EFD9A2280D53B50032F484 /* LoxCore.framework in Frameworks */,
			);
			runOnlyForDeploymentPostprocessing = 0;
		};
/* End PBXFrameworksBuildPhase section */

/* Begin PBXGroup section */
		C90620BB281BD7DA003BC427 /* Scanner */ = {
			isa = PBXGroup;
			children = (
				C9EFD9B1280D53C80032F484 /* Scanner.swift */,
				C9EFD9AF280D53C80032F484 /* Token.swift */,
				C9EFD9B0280D53C80032F484 /* TokenType.swift */,
				C9EBEE5C281F849B00CD3F3F /* AnyLiteral.swift */,
			);
			path = Scanner;
			sourceTree = "<group>";
		};
		C90620BC281BD7EA003BC427 /* Parser */ = {
			isa = PBXGroup;
			children = (
				C9EBEE57281E5FA800CD3F3F /* Extensions */,
				C90620BD281BD7FF003BC427 /* Expression.swift */,
				C9EBEE5A281F793500CD3F3F /* Parser.swift */,
			);
			path = Parser;
			sourceTree = "<group>";
		};
		C93208B9280429C7009B849C = {
			isa = PBXGroup;
			children = (
				C93208C4280429C7009B849C /* slox */,
				C9EFD99B280D53B50032F484 /* LoxCore */,
				C9EFD9A5280D53B50032F484 /* LoxCoreTests */,
				C93208C3280429C7009B849C /* Products */,
				C9EFD96D280D516D0032F484 /* Frameworks */,
			);
			sourceTree = "<group>";
		};
		C93208C3280429C7009B849C /* Products */ = {
			isa = PBXGroup;
			children = (
				C93208C2280429C7009B849C /* slox */,
				C9EFD99A280D53B50032F484 /* LoxCore.framework */,
				C9EFD9A1280D53B50032F484 /* LoxCoreTests.xctest */,
			);
			name = Products;
			sourceTree = "<group>";
		};
		C93208C4280429C7009B849C /* slox */ = {
			isa = PBXGroup;
			children = (
				C9EBEE4F280DA96F00CD3F3F /* Lox Source Files */,
				C9EFD96B280D4F740032F484 /* slox.swift */,
			);
			path = slox;
			sourceTree = "<group>";
		};
		C9EBEE57281E5FA800CD3F3F /* Extensions */ = {
			isa = PBXGroup;
			children = (
				C9EBEE58281E5FC100CD3F3F /* Expression+Description.swift */,
			);
			path = Extensions;
			sourceTree = "<group>";
		};
		C9EFD96D280D516D0032F484 /* Frameworks */ = {
			isa = PBXGroup;
			children = (
			);
			name = Frameworks;
			sourceTree = "<group>";
		};
		C9EFD99B280D53B50032F484 /* LoxCore */ = {
			isa = PBXGroup;
			children = (
				C90620BC281BD7EA003BC427 /* Parser */,
				C90620BB281BD7DA003BC427 /* Scanner */,
				C9EFD9C2280FEF060032F484 /* Extensions */,
				C9EFD99C280D53B50032F484 /* LoxCore.h */,
				C9EFD9C0280D657C0032F484 /* Error.swift */,
			);
			path = LoxCore;
			sourceTree = "<group>";
		};
		C9EFD9A5280D53B50032F484 /* LoxCoreTests */ = {
			isa = PBXGroup;
			children = (
				C9EFD9BC280D5C280032F484 /* ScannerTests.swift */,
				C9EBEE54281E5AF100CD3F3F /* ParserTests.swift */,
			);
			path = LoxCoreTests;
			sourceTree = "<group>";
		};
		C9EFD9C2280FEF060032F484 /* Extensions */ = {
			isa = PBXGroup;
			children = (
				C9EFD9C3280FEF1E0032F484 /* Character+.swift */,
			);
			path = Extensions;
			sourceTree = "<group>";
		};
/* End PBXGroup section */

/* Begin PBXHeadersBuildPhase section */
		C9EFD995280D53B50032F484 /* Headers */ = {
			isa = PBXHeadersBuildPhase;
			buildActionMask = 2147483647;
			files = (
				C9EFD9A8280D53B50032F484 /* LoxCore.h in Headers */,
			);
			runOnlyForDeploymentPostprocessing = 0;
		};
/* End PBXHeadersBuildPhase section */

/* Begin PBXNativeTarget section */
		C93208C1280429C7009B849C /* slox */ = {
			isa = PBXNativeTarget;
			buildConfigurationList = C93208C9280429C7009B849C /* Build configuration list for PBXNativeTarget "slox" */;
			buildPhases = (
				C93208BE280429C7009B849C /* Sources */,
				C93208BF280429C7009B849C /* Frameworks */,
				C93208C0280429C7009B849C /* CopyFiles */,
				C9EFD9BB280D53EC0032F484 /* Embed Frameworks */,
			);
			buildRules = (
			);
			dependencies = (
				C9EFD9BA280D53EC0032F484 /* PBXTargetDependency */,
			);
			name = slox;
			packageProductDependencies = (
				C9DE51F728046FEA0042FB64 /* ArgumentParser */,
			);
			productName = slox;
			productReference = C93208C2280429C7009B849C /* slox */;
			productType = "com.apple.product-type.tool";
		};
		C9EFD999280D53B50032F484 /* LoxCore */ = {
			isa = PBXNativeTarget;
			buildConfigurationList = C9EFD9A9280D53B50032F484 /* Build configuration list for PBXNativeTarget "LoxCore" */;
			buildPhases = (
				C9EFD995280D53B50032F484 /* Headers */,
				C9EFD996280D53B50032F484 /* Sources */,
				C9EFD997280D53B50032F484 /* Frameworks */,
				C9EFD998280D53B50032F484 /* Resources */,
			);
			buildRules = (
			);
			dependencies = (
			);
			name = LoxCore;
			productName = LoxCore;
			productReference = C9EFD99A280D53B50032F484 /* LoxCore.framework */;
			productType = "com.apple.product-type.framework";
		};
		C9EFD9A0280D53B50032F484 /* LoxCoreTests */ = {
			isa = PBXNativeTarget;
			buildConfigurationList = C9EFD9AC280D53B50032F484 /* Build configuration list for PBXNativeTarget "LoxCoreTests" */;
			buildPhases = (
				C9EFD99D280D53B50032F484 /* Sources */,
				C9EFD99E280D53B50032F484 /* Frameworks */,
				C9EFD99F280D53B50032F484 /* Resources */,
			);
			buildRules = (
			);
			dependencies = (
				C9EFD9A4280D53B50032F484 /* PBXTargetDependency */,
			);
			name = LoxCoreTests;
			productName = LoxCoreTests;
			productReference = C9EFD9A1280D53B50032F484 /* LoxCoreTests.xctest */;
			productType = "com.apple.product-type.bundle.unit-test";
		};
/* End PBXNativeTarget section */

/* Begin PBXProject section */
		C93208BA280429C7009B849C /* Project object */ = {
			isa = PBXProject;
			attributes = {
				BuildIndependentTargetsInParallel = 1;
				LastSwiftUpdateCheck = 1330;
				LastUpgradeCheck = 1330;
				TargetAttributes = {
					C93208C1280429C7009B849C = {
						CreatedOnToolsVersion = 13.3;
						LastSwiftMigration = 1330;
					};
					C9EFD999280D53B50032F484 = {
						CreatedOnToolsVersion = 13.3.1;
					};
					C9EFD9A0280D53B50032F484 = {
						CreatedOnToolsVersion = 13.3.1;
					};
				};
			};
			buildConfigurationList = C93208BD280429C7009B849C /* Build configuration list for PBXProject "slox" */;
			compatibilityVersion = "Xcode 13.0";
			developmentRegion = en;
			hasScannedForEncodings = 0;
			knownRegions = (
				en,
				Base,
			);
			mainGroup = C93208B9280429C7009B849C;
			packageReferences = (
				C9DE51F628046FEA0042FB64 /* XCRemoteSwiftPackageReference "swift-argument-parser" */,
			);
			productRefGroup = C93208C3280429C7009B849C /* Products */;
			projectDirPath = "";
			projectRoot = "";
			targets = (
				C93208C1280429C7009B849C /* slox */,
				C9EFD999280D53B50032F484 /* LoxCore */,
				C9EFD9A0280D53B50032F484 /* LoxCoreTests */,
			);
		};
/* End PBXProject section */

/* Begin PBXResourcesBuildPhase section */
		C9EFD998280D53B50032F484 /* Resources */ = {
			isa = PBXResourcesBuildPhase;
			buildActionMask = 2147483647;
			files = (
			);
			runOnlyForDeploymentPostprocessing = 0;
		};
		C9EFD99F280D53B50032F484 /* Resources */ = {
			isa = PBXResourcesBuildPhase;
			buildActionMask = 2147483647;
			files = (
			);
			runOnlyForDeploymentPostprocessing = 0;
		};
/* End PBXResourcesBuildPhase section */

/* Begin PBXSourcesBuildPhase section */
		C93208BE280429C7009B849C /* Sources */ = {
			isa = PBXSourcesBuildPhase;
			buildActionMask = 2147483647;
			files = (
				C9EFD96C280D4F740032F484 /* slox.swift in Sources */,
			);
			runOnlyForDeploymentPostprocessing = 0;
		};
		C9EFD996280D53B50032F484 /* Sources */ = {
			isa = PBXSourcesBuildPhase;
			buildActionMask = 2147483647;
			files = (
				C9EFD9C4280FEF1E0032F484 /* Character+.swift in Sources */,
				C9EFD9C1280D657C0032F484 /* Error.swift in Sources */,
				C9EBEE59281E5FC100CD3F3F /* Expression+Description.swift in Sources */,
				C90620BE281BD7FF003BC427 /* Expression.swift in Sources */,
				C9EBEE5B281F793500CD3F3F /* Parser.swift in Sources */,
				C9EFD9B4280D53C80032F484 /* Token.swift in Sources */,
				C9EBEE5D281F849B00CD3F3F /* AnyLiteral.swift in Sources */,
				C9EFD9B6280D53C80032F484 /* Scanner.swift in Sources */,
				C9EFD9B5280D53C80032F484 /* TokenType.swift in Sources */,
			);
			runOnlyForDeploymentPostprocessing = 0;
		};
		C9EFD99D280D53B50032F484 /* Sources */ = {
			isa = PBXSourcesBuildPhase;
			buildActionMask = 2147483647;
			files = (
				C9EBEE55281E5AF100CD3F3F /* ParserTests.swift in Sources */,
				C9EFD9BD280D5C280032F484 /* ScannerTests.swift in Sources */,
			);
			runOnlyForDeploymentPostprocessing = 0;
		};
/* End PBXSourcesBuildPhase section */

/* Begin PBXTargetDependency section */
		C9EFD9A4280D53B50032F484 /* PBXTargetDependency */ = {
			isa = PBXTargetDependency;
			target = C9EFD999280D53B50032F484 /* LoxCore */;
			targetProxy = C9EFD9A3280D53B50032F484 /* PBXContainerItemProxy */;
		};
		C9EFD9BA280D53EC0032F484 /* PBXTargetDependency */ = {
			isa = PBXTargetDependency;
			target = C9EFD999280D53B50032F484 /* LoxCore */;
			targetProxy = C9EFD9B9280D53EC0032F484 /* PBXContainerItemProxy */;
		};
/* End PBXTargetDependency section */

/* Begin XCBuildConfiguration section */
		C93208C7280429C7009B849C /* Debug */ = {
			isa = XCBuildConfiguration;
			buildSettings = {
				ALWAYS_SEARCH_USER_PATHS = NO;
				CLANG_ANALYZER_NONNULL = YES;
				CLANG_ANALYZER_NUMBER_OBJECT_CONVERSION = YES_AGGRESSIVE;
				CLANG_CXX_LANGUAGE_STANDARD = "gnu++17";
				CLANG_ENABLE_MODULES = YES;
				CLANG_ENABLE_OBJC_ARC = YES;
				CLANG_ENABLE_OBJC_WEAK = YES;
				CLANG_WARN_BLOCK_CAPTURE_AUTORELEASING = YES;
				CLANG_WARN_BOOL_CONVERSION = YES;
				CLANG_WARN_COMMA = YES;
				CLANG_WARN_CONSTANT_CONVERSION = YES;
				CLANG_WARN_DEPRECATED_OBJC_IMPLEMENTATIONS = YES;
				CLANG_WARN_DIRECT_OBJC_ISA_USAGE = YES_ERROR;
				CLANG_WARN_DOCUMENTATION_COMMENTS = YES;
				CLANG_WARN_EMPTY_BODY = YES;
				CLANG_WARN_ENUM_CONVERSION = YES;
				CLANG_WARN_INFINITE_RECURSION = YES;
				CLANG_WARN_INT_CONVERSION = YES;
				CLANG_WARN_NON_LITERAL_NULL_CONVERSION = YES;
				CLANG_WARN_OBJC_IMPLICIT_RETAIN_SELF = YES;
				CLANG_WARN_OBJC_LITERAL_CONVERSION = YES;
				CLANG_WARN_OBJC_ROOT_CLASS = YES_ERROR;
				CLANG_WARN_QUOTED_INCLUDE_IN_FRAMEWORK_HEADER = YES;
				CLANG_WARN_RANGE_LOOP_ANALYSIS = YES;
				CLANG_WARN_STRICT_PROTOTYPES = YES;
				CLANG_WARN_SUSPICIOUS_MOVE = YES;
				CLANG_WARN_UNGUARDED_AVAILABILITY = YES_AGGRESSIVE;
				CLANG_WARN_UNREACHABLE_CODE = YES;
				CLANG_WARN__DUPLICATE_METHOD_MATCH = YES;
				COPY_PHASE_STRIP = NO;
				DEBUG_INFORMATION_FORMAT = dwarf;
				ENABLE_STRICT_OBJC_MSGSEND = YES;
				ENABLE_TESTABILITY = YES;
				GCC_C_LANGUAGE_STANDARD = gnu11;
				GCC_DYNAMIC_NO_PIC = NO;
				GCC_NO_COMMON_BLOCKS = YES;
				GCC_OPTIMIZATION_LEVEL = 0;
				GCC_PREPROCESSOR_DEFINITIONS = (
					"DEBUG=1",
					"$(inherited)",
				);
				GCC_WARN_64_TO_32_BIT_CONVERSION = YES;
				GCC_WARN_ABOUT_RETURN_TYPE = YES_ERROR;
				GCC_WARN_UNDECLARED_SELECTOR = YES;
				GCC_WARN_UNINITIALIZED_AUTOS = YES_AGGRESSIVE;
				GCC_WARN_UNUSED_FUNCTION = YES;
				GCC_WARN_UNUSED_VARIABLE = YES;
				MACOSX_DEPLOYMENT_TARGET = 12.3;
				MTL_ENABLE_DEBUG_INFO = INCLUDE_SOURCE;
				MTL_FAST_MATH = YES;
				ONLY_ACTIVE_ARCH = YES;
				SDKROOT = macosx;
				SWIFT_ACTIVE_COMPILATION_CONDITIONS = DEBUG;
				SWIFT_OPTIMIZATION_LEVEL = "-Onone";
			};
			name = Debug;
		};
		C93208C8280429C7009B849C /* Release */ = {
			isa = XCBuildConfiguration;
			buildSettings = {
				ALWAYS_SEARCH_USER_PATHS = NO;
				CLANG_ANALYZER_NONNULL = YES;
				CLANG_ANALYZER_NUMBER_OBJECT_CONVERSION = YES_AGGRESSIVE;
				CLANG_CXX_LANGUAGE_STANDARD = "gnu++17";
				CLANG_ENABLE_MODULES = YES;
				CLANG_ENABLE_OBJC_ARC = YES;
				CLANG_ENABLE_OBJC_WEAK = YES;
				CLANG_WARN_BLOCK_CAPTURE_AUTORELEASING = YES;
				CLANG_WARN_BOOL_CONVERSION = YES;
				CLANG_WARN_COMMA = YES;
				CLANG_WARN_CONSTANT_CONVERSION = YES;
				CLANG_WARN_DEPRECATED_OBJC_IMPLEMENTATIONS = YES;
				CLANG_WARN_DIRECT_OBJC_ISA_USAGE = YES_ERROR;
				CLANG_WARN_DOCUMENTATION_COMMENTS = YES;
				CLANG_WARN_EMPTY_BODY = YES;
				CLANG_WARN_ENUM_CONVERSION = YES;
				CLANG_WARN_INFINITE_RECURSION = YES;
				CLANG_WARN_INT_CONVERSION = YES;
				CLANG_WARN_NON_LITERAL_NULL_CONVERSION = YES;
				CLANG_WARN_OBJC_IMPLICIT_RETAIN_SELF = YES;
				CLANG_WARN_OBJC_LITERAL_CONVERSION = YES;
				CLANG_WARN_OBJC_ROOT_CLASS = YES_ERROR;
				CLANG_WARN_QUOTED_INCLUDE_IN_FRAMEWORK_HEADER = YES;
				CLANG_WARN_RANGE_LOOP_ANALYSIS = YES;
				CLANG_WARN_STRICT_PROTOTYPES = YES;
				CLANG_WARN_SUSPICIOUS_MOVE = YES;
				CLANG_WARN_UNGUARDED_AVAILABILITY = YES_AGGRESSIVE;
				CLANG_WARN_UNREACHABLE_CODE = YES;
				CLANG_WARN__DUPLICATE_METHOD_MATCH = YES;
				COPY_PHASE_STRIP = NO;
				DEBUG_INFORMATION_FORMAT = "dwarf-with-dsym";
				ENABLE_NS_ASSERTIONS = NO;
				ENABLE_STRICT_OBJC_MSGSEND = YES;
				GCC_C_LANGUAGE_STANDARD = gnu11;
				GCC_NO_COMMON_BLOCKS = YES;
				GCC_WARN_64_TO_32_BIT_CONVERSION = YES;
				GCC_WARN_ABOUT_RETURN_TYPE = YES_ERROR;
				GCC_WARN_UNDECLARED_SELECTOR = YES;
				GCC_WARN_UNINITIALIZED_AUTOS = YES_AGGRESSIVE;
				GCC_WARN_UNUSED_FUNCTION = YES;
				GCC_WARN_UNUSED_VARIABLE = YES;
				MACOSX_DEPLOYMENT_TARGET = 12.3;
				MTL_ENABLE_DEBUG_INFO = NO;
				MTL_FAST_MATH = YES;
				SDKROOT = macosx;
				SWIFT_COMPILATION_MODE = wholemodule;
				SWIFT_OPTIMIZATION_LEVEL = "-O";
			};
			name = Release;
		};
		C93208CA280429C7009B849C /* Debug */ = {
			isa = XCBuildConfiguration;
			buildSettings = {
				CLANG_ENABLE_MODULES = YES;
				CODE_SIGN_STYLE = Automatic;
				DEVELOPMENT_TEAM = AEDBFK4XS5;
				ENABLE_HARDENED_RUNTIME = YES;
				LD_RUNPATH_SEARCH_PATHS = (
					"$(inherited)",
					"@executable_path/../Frameworks",
					"@loader_path/../Frameworks",
				);
				PRODUCT_NAME = "$(TARGET_NAME)";
				SWIFT_OPTIMIZATION_LEVEL = "-Onone";
				SWIFT_VERSION = 5.0;
			};
			name = Debug;
		};
		C93208CB280429C7009B849C /* Release */ = {
			isa = XCBuildConfiguration;
			buildSettings = {
				CLANG_ENABLE_MODULES = YES;
				CODE_SIGN_STYLE = Automatic;
				DEVELOPMENT_TEAM = AEDBFK4XS5;
				ENABLE_HARDENED_RUNTIME = YES;
				LD_RUNPATH_SEARCH_PATHS = (
					"$(inherited)",
					"@executable_path/../Frameworks",
					"@loader_path/../Frameworks",
				);
				PRODUCT_NAME = "$(TARGET_NAME)";
				SWIFT_VERSION = 5.0;
			};
			name = Release;
		};
		C9EFD9AA280D53B50032F484 /* Debug */ = {
			isa = XCBuildConfiguration;
			buildSettings = {
				CODE_SIGN_STYLE = Automatic;
				COMBINE_HIDPI_IMAGES = YES;
				CURRENT_PROJECT_VERSION = 1;
				DEFINES_MODULE = YES;
				DEVELOPMENT_TEAM = VA4EALFFD8;
				DYLIB_COMPATIBILITY_VERSION = 1;
				DYLIB_CURRENT_VERSION = 1;
				DYLIB_INSTALL_NAME_BASE = "@rpath";
				GENERATE_INFOPLIST_FILE = YES;
				INFOPLIST_KEY_NSHumanReadableCopyright = "";
				INSTALL_PATH = "$(LOCAL_LIBRARY_DIR)/Frameworks";
				LD_RUNPATH_SEARCH_PATHS = (
					"$(inherited)",
					"@executable_path/../Frameworks",
					"@loader_path/Frameworks",
				);
				MARKETING_VERSION = 1.0;
				PRODUCT_BUNDLE_IDENTIFIER = dev.imcc.LoxCore;
				PRODUCT_NAME = "$(TARGET_NAME:c99extidentifier)";
				SKIP_INSTALL = YES;
				SWIFT_EMIT_LOC_STRINGS = YES;
				SWIFT_VERSION = 5.0;
				VERSIONING_SYSTEM = "apple-generic";
				VERSION_INFO_PREFIX = "";
			};
			name = Debug;
		};
		C9EFD9AB280D53B50032F484 /* Release */ = {
			isa = XCBuildConfiguration;
			buildSettings = {
				CODE_SIGN_STYLE = Automatic;
				COMBINE_HIDPI_IMAGES = YES;
				CURRENT_PROJECT_VERSION = 1;
				DEFINES_MODULE = YES;
				DEVELOPMENT_TEAM = VA4EALFFD8;
				DYLIB_COMPATIBILITY_VERSION = 1;
				DYLIB_CURRENT_VERSION = 1;
				DYLIB_INSTALL_NAME_BASE = "@rpath";
				GENERATE_INFOPLIST_FILE = YES;
				INFOPLIST_KEY_NSHumanReadableCopyright = "";
				INSTALL_PATH = "$(LOCAL_LIBRARY_DIR)/Frameworks";
				LD_RUNPATH_SEARCH_PATHS = (
					"$(inherited)",
					"@executable_path/../Frameworks",
					"@loader_path/Frameworks",
				);
				MARKETING_VERSION = 1.0;
				PRODUCT_BUNDLE_IDENTIFIER = dev.imcc.LoxCore;
				PRODUCT_NAME = "$(TARGET_NAME:c99extidentifier)";
				SKIP_INSTALL = YES;
				SWIFT_EMIT_LOC_STRINGS = YES;
				SWIFT_VERSION = 5.0;
				VERSIONING_SYSTEM = "apple-generic";
				VERSION_INFO_PREFIX = "";
			};
			name = Release;
		};
		C9EFD9AD280D53B50032F484 /* Debug */ = {
			isa = XCBuildConfiguration;
			buildSettings = {
				ALWAYS_EMBED_SWIFT_STANDARD_LIBRARIES = YES;
				CODE_SIGN_STYLE = Automatic;
				CURRENT_PROJECT_VERSION = 1;
				DEVELOPMENT_TEAM = AEDBFK4XS5;
				GENERATE_INFOPLIST_FILE = YES;
				MARKETING_VERSION = 1.0;
				PRODUCT_BUNDLE_IDENTIFIER = dev.imcc.LoxCoreTests;
				PRODUCT_NAME = "$(TARGET_NAME)";
				SWIFT_EMIT_LOC_STRINGS = NO;
				SWIFT_VERSION = 5.0;
			};
			name = Debug;
		};
		C9EFD9AE280D53B50032F484 /* Release */ = {
			isa = XCBuildConfiguration;
			buildSettings = {
				ALWAYS_EMBED_SWIFT_STANDARD_LIBRARIES = YES;
				CODE_SIGN_STYLE = Automatic;
				CURRENT_PROJECT_VERSION = 1;
				DEVELOPMENT_TEAM = AEDBFK4XS5;
				GENERATE_INFOPLIST_FILE = YES;
				MARKETING_VERSION = 1.0;
				PRODUCT_BUNDLE_IDENTIFIER = dev.imcc.LoxCoreTests;
				PRODUCT_NAME = "$(TARGET_NAME)";
				SWIFT_EMIT_LOC_STRINGS = NO;
				SWIFT_VERSION = 5.0;
			};
			name = Release;
		};
/* End XCBuildConfiguration section */

/* Begin XCConfigurationList section */
		C93208BD280429C7009B849C /* Build configuration list for PBXProject "slox" */ = {
			isa = XCConfigurationList;
			buildConfigurations = (
				C93208C7280429C7009B849C /* Debug */,
				C93208C8280429C7009B849C /* Release */,
			);
			defaultConfigurationIsVisible = 0;
			defaultConfigurationName = Release;
		};
		C93208C9280429C7009B849C /* Build configuration list for PBXNativeTarget "slox" */ = {
			isa = XCConfigurationList;
			buildConfigurations = (
				C93208CA280429C7009B849C /* Debug */,
				C93208CB280429C7009B849C /* Release */,
			);
			defaultConfigurationIsVisible = 0;
			defaultConfigurationName = Release;
		};
		C9EFD9A9280D53B50032F484 /* Build configuration list for PBXNativeTarget "LoxCore" */ = {
			isa = XCConfigurationList;
			buildConfigurations = (
				C9EFD9AA280D53B50032F484 /* Debug */,
				C9EFD9AB280D53B50032F484 /* Release */,
			);
			defaultConfigurationIsVisible = 0;
			defaultConfigurationName = Release;
		};
		C9EFD9AC280D53B50032F484 /* Build configuration list for PBXNativeTarget "LoxCoreTests" */ = {
			isa = XCConfigurationList;
			buildConfigurations = (
				C9EFD9AD280D53B50032F484 /* Debug */,
				C9EFD9AE280D53B50032F484 /* Release */,
			);
			defaultConfigurationIsVisible = 0;
			defaultConfigurationName = Release;
		};
/* End XCConfigurationList section */

/* Begin XCRemoteSwiftPackageReference section */
		C9DE51F628046FEA0042FB64 /* XCRemoteSwiftPackageReference "swift-argument-parser" */ = {
			isa = XCRemoteSwiftPackageReference;
			repositoryURL = "https://github.com/apple/swift-argument-parser.git";
			requirement = {
				kind = upToNextMajorVersion;
				minimumVersion = 1.0.0;
			};
		};
/* End XCRemoteSwiftPackageReference section */

/* Begin XCSwiftPackageProductDependency section */
		C9DE51F728046FEA0042FB64 /* ArgumentParser */ = {
			isa = XCSwiftPackageProductDependency;
			package = C9DE51F628046FEA0042FB64 /* XCRemoteSwiftPackageReference "swift-argument-parser" */;
			productName = ArgumentParser;
		};
/* End XCSwiftPackageProductDependency section */
	};
	rootObject = C93208BA280429C7009B849C /* Project object */;
}
